
Microsoft Visual Studio Solution File, Format Version 12.00
# Visual Studio Version 17
VisualStudioVersion = 17.10.35027.167
MinimumVisualStudioVersion = 10.0.40219.1
Project("{FAE04EC0-301F-11D3-BF4B-00C04F79EFBC}") = "Practica SRP", "Practica SRP.csproj", "{4A1BAF81-497A-4EEC-B6CE-CFF3DF19A115}"
EndProject
Global
	GlobalSection(SolutionConfigurationPlatforms) = preSolution
		Debug|Any CPU = Debug|Any CPU
		Release|Any CPU = Release|Any CPU
	EndGlobalSection
	GlobalSection(ProjectConfigurationPlatforms) = postSolution
		{4A1BAF81-497A-4EEC-B6CE-CFF3DF19A115}.Debug|Any CPU.ActiveCfg = Debug|Any CPU
		{4A1BAF81-497A-4EEC-B6CE-CFF3DF19A115}.Debug|Any CPU.Build.0 = Debug|Any CPU
		{4A1BAF81-497A-4EEC-B6CE-CFF3DF19A115}.Release|Any CPU.ActiveCfg = Release|Any CPU
		{4A1BAF81-497A-4EEC-B6CE-CFF3DF19A115}.Release|Any CPU.Build.0 = Release|Any CPU
	EndGlobalSection
	GlobalSection(SolutionProperties) = preSolution
		HideSolutionNode = FALSE
	EndGlobalSection
	GlobalSection(ExtensibilityGlobals) = postSolution
		SolutionGuid = {6D21EBE4-E3C6-4AD2-95D6-43EDE2FB7676}
	EndGlobalSection
EndGlobal
